[{<<"basho_stats">>,{pkg,<<"basho_stats">>,<<"1.0.3">>},1},
 {<<"bcrypt">>,
  {git,"https://github.com/project-fifo/erlang-bcrypt.git",
       {ref,"464e42386a486a42a0ea65d5b850fef52f87156a"}},
  0},
 {<<"bear">>,{pkg,<<"bear">>,<<"0.8.3">>},3},
 {<<"bitcask">>,
  {git,"https://github.com/basho/bitcask.git",
       {ref,"8e0f0fdd01b7630e8609d8de4e7097b13d680603"}},
  0},
 {<<"bugsnag">>,
  {git,"https://github.com/project-fifo/bugsnag-erlang.git",
       {ref,"537afde79c97f1f97650cf24196297bffeb1f518"}},
  0},
 {<<"chash">>,{pkg,<<"chash">>,<<"0.1.1">>},1},
 {<<"clique">>,{pkg,<<"clique">>,<<"3.0.1">>},1},
 {<<"cuttlefish">>,
  {git,"git://github.com/basho/cuttlefish.git",
       {ref,"c17de968984f0b2aee99992abdf9998e7af28714"}},
  1},
 {<<"ddb_client">>,{pkg,<<"ddb_client">>,<<"0.1.17">>},1},
 {<<"dproto">>,{pkg,<<"dproto">>,<<"0.1.12">>},2},
 {<<"edown">>,{pkg,<<"edown">>,<<"0.7.0">>},0},
 {<<"eleveldb">>,
  {git,"git://github.com/basho/eleveldb.git",
       {ref,"a36dbd609c742d9ad572c38c3464730da3419248"}},
  1},
 {<<"eper">>,{pkg,<<"eper">>,<<"0.94.0">>},0},
 {<<"esel">>,{pkg,<<"esel">>,<<"0.1.2">>},0},
 {<<"esqlite">>,
  {git,"https://github.com/project-fifo/esqlite.git",
       {ref,"69fe3446101c9a9c1a1cc3f410b5e12bdd5eb6e2"}},
  0},
 {<<"exometer_core">>,{pkg,<<"exometer_core">>,<<"1.0.0">>},1},
 {<<"fifo_db">>,
  {git,"https://github.com/project-fifo/fifo-db.git",
       {ref,"b76680f9f8f2171c4595f31ab0f8089817f041d7"}},
  0},
 {<<"fifo_dt">>,
  {git,"https://github.com/project-fifo/fifo_dt.git",
       {ref,"d9a6addae121e6f9b9ef88c4df1ebd4a1198512e"}},
  0},
 {<<"fifo_lager">>,
  {git,"https://github.com/project-fifo/fifo_lager.git",
       {ref,"28fb348d7a8e4f07b9ee89e2bcf5216e120c25e4"}},
  0},
 {<<"fifo_spec">>,
  {git,"https://github.com/project-fifo/fifo_spec.git",
       {ref,"a1959fd70c419c2f6e59fa22e20501abeba3e392"}},
  0},
 {<<"fifo_utils">>,
  {git,"https://github.com/project-fifo/fifo_utils.git",
       {ref,"e56173c10c826edcc8405bf10607eb2bec37ac6d"}},
  0},
 {<<"folsom">>,{pkg,<<"folsom">>,<<"0.8.3">>},2},
 {<<"folsom_ddb">>,{pkg,<<"folsom_ddb">>,<<"0.1.20">>},0},
 {<<"getopt">>,
  {git,"git://github.com/jcomellas/getopt.git",
       {ref,"626698975e63866156159661d100785d65eab6f9"}},
  2},
 {<<"goldrush">>,{pkg,<<"goldrush">>,<<"0.1.7">>},1},
 {<<"jsx">>,{pkg,<<"jsx">>,<<"1.4.5">>},0},
 {<<"jsxd">>,
  {git,"https://github.com/Licenser/jsxd.git",
       {ref,"1ecbc0abb41affb73c40d6615948be452ba92600"}},
  0},
 {<<"lager">>,{pkg,<<"lager">>,<<"3.0.1">>},1},
 {<<"lager_graylog">>,{pkg,<<"lager_graylog">>,<<"0.1.0">>},1},
 {<<"lager_logstash_backend">>,
  {pkg,<<"lager_logstash_backend">>,<<"0.1.0">>},
  1},
 {<<"libsnarlmatch">>,
  {git,"https://github.com/project-fifo/libsnarlmatch.git",
       {ref,"c508c5e70aa48c44bc256a9aed81d4b127a4ec26"}},
  0},
 {<<"mdns_server">>,{pkg,<<"mdns_server">>,<<"0.2.0">>},1},
 {<<"mdns_server_lib">>,
  {git,"https://github.com/Licenser/mdns_server_lib.git",
       {ref,"4d3d6db89956243de558a800825efd38f2a1c9dd"}},
  0},
 {<<"meck">>,
  {git,"git://github.com/basho/meck.git",
       {ref,"69664df5d0e01a0ae27efb62831d6eea45cc1cd4"}},
  1},
 {<<"merklet">>,
  {git,"https://github.com/ferd/merklet.git",
       {ref,"a9af9fc4d662a6771e0bfc8c7d91ff67da230460"}},
  0},
 {<<"mmath">>,{pkg,<<"mmath">>,<<"0.1.15">>},2},
 {<<"neotoma">>,
  {git,"git://github.com/seancribbs/neotoma.git",
       {ref,"b8a5f35a43804c964031652717ca95eb3c230ed4"}},
  2},
 {<<"oauth2">>,{pkg,<<"oauth2_erlang">>,<<"0.6.1">>},0},
 {<<"otp_compat">>,
  {git,"git://github.com/tburghart/otp_compat.git",
       {ref,"18321de333833905ad7dab853b62ba59c60b67a3"}},
  1},
 {<<"parse_trans">>,{pkg,<<"parse_trans">>,<<"2.9.0">>},2},
 {<<"pbkdf2">>,{pkg,<<"pbkdf2">>,<<"2.0.0">>},1},
 {<<"poolboy">>,
  {git,"git://github.com/basho/poolboy.git",
       {ref,"8bb45fbc715c5f493642a1cc572ec7017d0d5fa3"}},
  1},
 {<<"quickrand">>,{pkg,<<"quickrand">>,<<"1.5.1">>},2},
 {<<"ranch">>,{pkg,<<"ranch">>,<<"1.1.0">>},1},
 {<<"rankmatcher">>,
  {git,"https://github.com/Licenser/rankmatcher.git",
       {ref,"34f2da11f63c5043c96ae8739ce05cb35112dfb2"}},
  0},
 {<<"recon">>,{pkg,<<"recon">>,<<"2.2.1">>},0},
 {<<"riak_core">>,
  {git,"https://github.com/project-fifo/riak_core",
       {ref,"24a32dfc31df8f3a5c83b6fe4ec58e60be3c26c8"}},
  0},
 {<<"riak_dt">>,{pkg,<<"riak_dt">>,<<"2.1.1">>},1},
 {<<"riak_ensemble">>,{pkg,<<"riak_ensemble">>,<<"2.1.3">>},1},
 {<<"riak_sysmon">>,{pkg,<<"riak_sysmon">>,<<"2.1.2">>},1},
 {<<"setup">>,{pkg,<<"setup">>,<<"1.7.0">>},2},
 {<<"uuid">>,{pkg,<<"uuid_erl">>,<<"1.5.1">>},1},
 {<<"yubico">>,
  {git,"https://github.com/project-fifo/erlang-yubico.git",
       {ref,"ead25f98f961cfe6be762c63d95347b1a03f5774"}},
  0}].
