[{<<"basho_stats">>,{pkg,<<"basho_stats">>,<<"1.0.3">>},1},
 {<<"bcrypt">>,{pkg,<<"bcrypt">>,<<"0.5.0-p3a">>},0},
 {<<"bear">>,{pkg,<<"bear">>,<<"0.8.3">>},3},
 {<<"bitcask">>,{pkg,<<"bitcask">>,<<"2.0.2">>},0},
 {<<"bugsnag">>,{pkg,<<"bugsnag_erl">>,<<"0.1.2">>},0},
 {<<"chash">>,{pkg,<<"chash">>,<<"0.1.1">>},1},
 {<<"clique">>,{pkg,<<"clique">>,<<"3.0.1">>},1},
 {<<"cuttlefish">>,{pkg,<<"cuttlefish">>,<<"2.0.7">>},1},
 {<<"ddb_client">>,{pkg,<<"ddb_client">>,<<"0.1.17">>},1},
 {<<"dproto">>,{pkg,<<"dproto">>,<<"0.1.12">>},2},
 {<<"edown">>,{pkg,<<"edown">>,<<"0.7.0">>},0},
 {<<"eleveldb">>,{pkg,<<"eleveldb">>,<<"2.1.3">>},1},
 {<<"eper">>,{pkg,<<"eper">>,<<"0.94.0">>},0},
 {<<"erocksdb">>,{pkg,<<"erocksdb">>,<<"0.4.1">>},1},
 {<<"esel">>,{pkg,<<"esel">>,<<"0.1.2">>},0},
 {<<"esqlite">>,{pkg,<<"esqlite">>,<<"0.2.2">>},0},
 {<<"exometer_core">>,{pkg,<<"exometer_core">>,<<"1.0.0">>},1},
 {<<"fifo_db">>,{pkg,<<"fifo_db">>,<<"0.2.1">>},0},
 {<<"fifo_dt">>,{pkg,<<"fifo_dt">>,<<"0.1.68">>},0},
 {<<"fifo_lager">>,{pkg,<<"fifo_lager">>,<<"0.1.3">>},0},
 {<<"fifo_spec">>,{pkg,<<"fifo_spec">>,<<"0.1.27">>},0},
 {<<"fifo_utils">>,{pkg,<<"fifo_utils">>,<<"0.1.22">>},0},
 {<<"folsom">>,{pkg,<<"folsom">>,<<"0.8.3">>},2},
 {<<"folsom_ddb">>,{pkg,<<"folsom_ddb">>,<<"0.1.20">>},0},
 {<<"getopt">>,{pkg,<<"getopt">>,<<"0.8.2">>},2},
 {<<"goldrush">>,{pkg,<<"goldrush">>,<<"0.1.7">>},1},
 {<<"jsx">>,{pkg,<<"jsx">>,<<"1.4.5">>},0},
 {<<"jsxd">>,{pkg,<<"jsxd">>,<<"0.1.10">>},0},
 {<<"lager">>,{pkg,<<"lager">>,<<"3.0.1">>},1},
 {<<"lager_graylog">>,{pkg,<<"lager_graylog">>,<<"0.1.0">>},1},
 {<<"lager_logstash_backend">>,
  {pkg,<<"lager_logstash_backend">>,<<"0.1.0">>},
  1},
 {<<"libsnarlmatch">>,{pkg,<<"libsnarlmatch">>,<<"0.1.7">>},0},
 {<<"mdns_server">>,{pkg,<<"mdns_server">>,<<"0.2.0">>},1},
 {<<"mdns_server_lib">>,{pkg,<<"mdns_server_lib">>,<<"0.2.3">>},0},
 {<<"mmath">>,{pkg,<<"mmath">>,<<"0.1.15">>},2},
 {<<"oauth2">>,{pkg,<<"oauth2_erlang">>,<<"0.6.1">>},0},
 {<<"parse_trans">>,{pkg,<<"parse_trans">>,<<"2.9.0">>},2},
 {<<"pbkdf2">>,{pkg,<<"pbkdf2">>,<<"2.0.0">>},1},
 {<<"poolboy">>,{pkg,<<"basho_poolboy">>,<<"0.8.1-p3">>},1},
 {<<"quickrand">>,{pkg,<<"quickrand">>,<<"1.5.1">>},2},
 {<<"ranch">>,{pkg,<<"ranch">>,<<"1.1.0">>},1},
 {<<"rankmatcher">>,{pkg,<<"rankmatcher">>,<<"0.1.4">>},0},
 {<<"recon">>,{pkg,<<"recon">>,<<"2.2.1">>},0},
 {<<"riak_core">>,
  {git,"https://github.com/project-fifo/riak_core",
       {ref,"03144f72ff348eff3cdec040204a7c091fe2e54e"}},
  0},
 {<<"riak_dt">>,{pkg,<<"riak_dt">>,<<"2.1.1">>},1},
 {<<"riak_ensemble">>,{pkg,<<"riak_ensemble">>,<<"2.1.3">>},1},
 {<<"riak_sysmon">>,{pkg,<<"riak_sysmon">>,<<"2.1.2">>},1},
 {<<"setup">>,{pkg,<<"setup">>,<<"1.7.0">>},2},
 {<<"uuid">>,{pkg,<<"uuid_erl">>,<<"1.5.1">>},1},
 {<<"yubico">>,{pkg,<<"yubico">>,<<"0.1.4">>},0}].
