[{<<"basho_stats">>,
  {git,"git://github.com/basho/basho_stats.git",
       {ref,"19c532af235ae675439d491b329c55c2f9b02deb"}},
  1},
 {<<"bcrypt">>,
  {git,"https://github.com/project-fifo/erlang-bcrypt.git",
       {ref,"464e42386a486a42a0ea65d5b850fef52f87156a"}},
  0},
 {<<"bear">>,
  {git,"git://github.com/basho/bear.git",
       {ref,"da820a13c607c3f816ee8b83c587266da5389761"}},
  3},
 {<<"bitcask">>,
  {git,"https://github.com/basho/bitcask.git",
       {ref,"8e0f0fdd01b7630e8609d8de4e7097b13d680603"}},
  0},
 {<<"bugsnag">>,
  {git,"https://github.com/project-fifo/bugsnag-erlang.git",
       {ref,"b5ed371834f662e8cb09ded5dff5040bd6892afb"}},
  0},
 {<<"chash">>,
  {git,"https://github.com/Licenser/chash.git",
       {ref,"a898b6ef0284985f9dced9f429452cf325c4e193"}},
  1},
 {<<"clique">>,
  {git,"https://github.com/project-fifo/clique.git",
       {ref,"8067df5680a32c209d781e66e89f57f3a87a3d28"}},
  0},
 {<<"cuttlefish">>,
  {git,"https://github.com/tsloughter/cuttlefish.git",
       {ref,"f5f6fdc1b0dd8ebe909b81f0b38f5715d4e869e6"}},
  0},
 {<<"ddb_client">>,{pkg,<<"ddb_client">>,<<"0.1.17">>},1},
 {<<"dproto">>,{pkg,<<"dproto">>,<<"0.1.12">>},2},
 {<<"edown">>,
  {git,"https://github.com/uwiger/edown.git",
       {ref,"2f6d4d4649d8f750e563fb470542524e05544216"}},
  0},
 {<<"eleveldb">>,
  {git,"git://github.com/basho/eleveldb.git",
       {ref,"a36dbd609c742d9ad572c38c3464730da3419248"}},
  1},
 {<<"eper">>,{pkg,<<"eper">>,<<"0.94.0">>},0},
 {<<"esel">>,{pkg,<<"esel">>,<<"0.1.1">>},0},
 {<<"esqlite">>,
  {git,"https://github.com/project-fifo/esqlite.git",
       {ref,"69fe3446101c9a9c1a1cc3f410b5e12bdd5eb6e2"}},
  0},
 {<<"exometer_core">>,
  {git,"git://github.com/basho/exometer_core.git",
       {ref,"b47a5d65d9500c2b8f6ccc50e34005503589ef77"}},
  1},
 {<<"fifo_db">>,
  {git,"https://github.com/project-fifo/fifo-db.git",
       {ref,"b76680f9f8f2171c4595f31ab0f8089817f041d7"}},
  0},
 {<<"fifo_dt">>,
  {git,"https://github.com/project-fifo/fifo_dt.git",
       {ref,"c5eaab3ff640d6e0ed7ce8e139c84903f76113bd"}},
  0},
 {<<"fifo_lager">>,
  {git,"https://github.com/project-fifo/fifo_lager.git",
       {ref,"82cd079c4da4a3db99de83517f6f91b06e590da6"}},
  0},
 {<<"fifo_spec">>,
  {git,"https://github.com/project-fifo/fifo_spec.git",
       {ref,"8e7c108516fccdf4a5af408f92eb6df9ee4c3b87"}},
  0},
 {<<"fifo_utils">>,
  {git,"https://github.com/project-fifo/fifo_utils.git",
       {ref,"01aa6b0c1e01f9a768dd7f274ffdcc4a25acf1c4"}},
  0},
 {<<"folsom">>,
  {git,"git://github.com/basho/folsom.git",
       {ref,"72944523b6467c9f7add5f1c96dd5020424a2681"}},
  2},
 {<<"folsom_ddb">>,{pkg,<<"folsom_ddb">>,<<"0.1.20">>},0},
 {<<"getopt">>,
  {git,"git://github.com/jcomellas/getopt.git",
       {ref,"659a28f4145bc9843598972854299dc4ea77e4cb"}},
  1},
 {<<"goldrush">>,{pkg,<<"goldrush">>,<<"0.1.7">>},1},
 {<<"jsx">>,{pkg,<<"jsx">>,<<"1.4.5">>},0},
 {<<"jsxd">>,
  {git,"https://github.com/Licenser/jsxd.git",
       {ref,"1ecbc0abb41affb73c40d6615948be452ba92600"}},
  0},
 {<<"lager">>,{pkg,<<"lager">>,<<"2.1.1">>},0},
 {<<"lager_graylog">>,
  {git,"https://github.com/esl/lager_graylog.git",
       {ref,"15f5d094448baa7f7018397e8e4493e9e919edfc"}},
  1},
 {<<"lager_logstash_backend">>,
  {git,"https://github.com/QBurstPoland/lager_logstash_backend.git",
       {ref,"069f5c803b5372fb7604789ee64bcbfef78e493a"}},
  1},
 {<<"libsnarlmatch">>,
  {git,"https://github.com/project-fifo/libsnarlmatch.git",
       {ref,"c508c5e70aa48c44bc256a9aed81d4b127a4ec26"}},
  0},
 {<<"mdns_server">>,{pkg,<<"mdns_server">>,<<"0.2.0">>},1},
 {<<"mdns_server_lib">>,
  {git,"https://github.com/Licenser/mdns_server_lib.git",
       {ref,"d7323937b5bffe16c607e2dda3108cebf9015df0"}},
  0},
 {<<"meck">>,
  {git,"https://github.com/basho/meck.git",
       {ref,"dde759050eff19a1a80fd854d7375174b191665d"}},
  0},
 {<<"merklet">>,
  {git,"https://github.com/ferd/merklet.git",
       {ref,"a9af9fc4d662a6771e0bfc8c7d91ff67da230460"}},
  0},
 {<<"mmath">>,{pkg,<<"mmath">>,<<"0.1.15">>},2},
 {<<"neotoma">>,
  {git,"git://github.com/seancribbs/neotoma.git",
       {ref,"760928ec8870da02eb11bccb501e2700925d06c6"}},
  1},
 {<<"oauth2">>,
  {git,"https://github.com/project-fifo/oauth2.git",
       {ref,"7f88b8af3b09cad4eb83678cb2bdaed00fce6a76"}},
  0},
 {<<"otp_compat">>,
  {git,"git://github.com/tburghart/otp_compat.git",
       {ref,"18321de333833905ad7dab853b62ba59c60b67a3"}},
  1},
 {<<"parse_trans">>,
  {git,"git://github.com/uwiger/parse_trans.git",
       {ref,"82cc00264aa1bad8fc5c0739b7541feb4a843432"}},
  2},
 {<<"pbkdf2">>,
  {git,"git://github.com/basho/erlang-pbkdf2.git",
       {ref,"7076584f5377e98600a7e2cb81980b2992fb2f71"}},
  1},
 {<<"poolboy">>,
  {git,"git://github.com/basho/poolboy.git",
       {ref,"8bb45fbc715c5f493642a1cc572ec7017d0d5fa3"}},
  1},
 {<<"ranch">>,{pkg,<<"ranch">>,<<"1.1.0">>},1},
 {<<"rankmatcher">>,
  {git,"https://github.com/Licenser/rankmatcher.git",
       {ref,"34f2da11f63c5043c96ae8739ce05cb35112dfb2"}},
  0},
 {<<"recon">>,{pkg,<<"recon">>,<<"2.2.1">>},0},
 {<<"riak_core">>,
  {git,"https://github.com/project-fifo/riak_core",
       {ref,"088de5d02b68b6d959e3b7e569b7b0d15136538c"}},
  0},
 {<<"riak_dt">>,
  {git,"https://github.com/basho/riak_dt.git",
       {ref,"a2986bccd1cc42facdfe739495c6d13762ae0f37"}},
  1},
 {<<"riak_ensemble">>,
  {git,"https://github.com/basho/riak_ensemble.git",
       {ref,"1a79eed4b50eb044dc72f8a15b6ae2d9b63e3387"}},
  0},
 {<<"riak_sysmon">>,
  {git,"git://github.com/basho/riak_sysmon.git",
       {ref,"df6e244a5727d6b1bc035fdd0e8cdcde12bcc98a"}},
  1},
 {<<"setup">>,
  {git,"git://github.com/uwiger/setup.git",
       {ref,"51ee7c9f64d2bbe9dcbb58c278e8fbfd4d0ca5e2"}},
  2},
 {<<"uuid">>,
  {git,"https://github.com/project-fifo/erlang-uuid.git",
       {ref,"c28d740d878e91a075ee3d888ba15131d136e0d2"}},
  0},
 {<<"yubico">>,
  {git,"https://github.com/project-fifo/erlang-yubico.git",
       {ref,"ead25f98f961cfe6be762c63d95347b1a03f5774"}},
  0}].
